// !$*UTF8*$!
{
	archiveVersion = 1;
	classes = {
	};
	objectVersion = 48;
	objects = {

/* Begin PBXBuildFile section */
		659EC45020116CEA00E15F0D /* CompanyCell.swift in Sources */ = {isa = PBXBuildFile; fileRef = 659EC44F20116CEA00E15F0D /* CompanyCell.swift */; };
		659EC4552013A18200E15F0D /* CompaniesController+CompanyInfoViewControllerDelegate.swift in Sources */ = {isa = PBXBuildFile; fileRef = 659EC4542013A18200E15F0D /* CompaniesController+CompanyInfoViewControllerDelegate.swift */; };
		659EC4572013A27300E15F0D /* CompaniesController+TableViewSetup.swift in Sources */ = {isa = PBXBuildFile; fileRef = 659EC4562013A27300E15F0D /* CompaniesController+TableViewSetup.swift */; };
		659EC4592013C31600E15F0D /* EmployeesController.swift in Sources */ = {isa = PBXBuildFile; fileRef = 659EC4582013C31600E15F0D /* EmployeesController.swift */; };
		659EC45C2013CC9E00E15F0D /* UIViewControllers+Utilities.swift in Sources */ = {isa = PBXBuildFile; fileRef = 659EC45B2013CC9E00E15F0D /* UIViewControllers+Utilities.swift */; };
		659EC45E2013DDF900E15F0D /* EmployeeInfoController.swift in Sources */ = {isa = PBXBuildFile; fileRef = 659EC45D2013DDF900E15F0D /* EmployeeInfoController.swift */; };
		659EC4612015737000E15F0D /* EmployeeType.swift in Sources */ = {isa = PBXBuildFile; fileRef = 659EC4602015737000E15F0D /* EmployeeType.swift */; };
		65EB8936200AE883006B18C7 /* CompanyInfoViewController.swift in Sources */ = {isa = PBXBuildFile; fileRef = 65EB8935200AE883006B18C7 /* CompanyInfoViewController.swift */; };
		65EB8978200C2211006B18C7 /* CoreDataManager.swift in Sources */ = {isa = PBXBuildFile; fileRef = 65EB8977200C2211006B18C7 /* CoreDataManager.swift */; };
		65EB8984200C45C2006B18C7 /* CompanyModel.xcdatamodeld in Sources */ = {isa = PBXBuildFile; fileRef = 65EB8982200C45C2006B18C7 /* CompanyModel.xcdatamodeld */; };
		65FDC0A9200AB54B00152EED /* AppDelegate.swift in Sources */ = {isa = PBXBuildFile; fileRef = 65FDC0A8200AB54B00152EED /* AppDelegate.swift */; };
		65FDC0AB200AB54B00152EED /* CompaniesController.swift in Sources */ = {isa = PBXBuildFile; fileRef = 65FDC0AA200AB54B00152EED /* CompaniesController.swift */; };
		65FDC0AE200AB54B00152EED /* Main.storyboard in Resources */ = {isa = PBXBuildFile; fileRef = 65FDC0AC200AB54B00152EED /* Main.storyboard */; };
		65FDC0B0200AB54B00152EED /* Assets.xcassets in Resources */ = {isa = PBXBuildFile; fileRef = 65FDC0AF200AB54B00152EED /* Assets.xcassets */; };
		65FDC0B3200AB54B00152EED /* LaunchScreen.storyboard in Resources */ = {isa = PBXBuildFile; fileRef = 65FDC0B1200AB54B00152EED /* LaunchScreen.storyboard */; };
		65FDC0BD200AC04700152EED /* CustomNavigationController.swift in Sources */ = {isa = PBXBuildFile; fileRef = 65FDC0BC200AC04700152EED /* CustomNavigationController.swift */; };
		65FDC0BF200AD70C00152EED /* UIColor+theme.swift in Sources */ = {isa = PBXBuildFile; fileRef = 65FDC0BE200AD70C00152EED /* UIColor+theme.swift */; };
/* End PBXBuildFile section */

/* Begin PBXFileReference section */
		659EC44F20116CEA00E15F0D /* CompanyCell.swift */ = {isa = PBXFileReference; lastKnownFileType = sourcecode.swift; path = CompanyCell.swift; sourceTree = "<group>"; };
		659EC4542013A18200E15F0D /* CompaniesController+CompanyInfoViewControllerDelegate.swift */ = {isa = PBXFileReference; lastKnownFileType = sourcecode.swift; path = "CompaniesController+CompanyInfoViewControllerDelegate.swift"; sourceTree = "<group>"; };
		659EC4562013A27300E15F0D /* CompaniesController+TableViewSetup.swift */ = {isa = PBXFileReference; lastKnownFileType = sourcecode.swift; path = "CompaniesController+TableViewSetup.swift"; sourceTree = "<group>"; };
		659EC4582013C31600E15F0D /* EmployeesController.swift */ = {isa = PBXFileReference; lastKnownFileType = sourcecode.swift; path = EmployeesController.swift; sourceTree = "<group>"; };
		659EC45B2013CC9E00E15F0D /* UIViewControllers+Utilities.swift */ = {isa = PBXFileReference; lastKnownFileType = sourcecode.swift; path = "UIViewControllers+Utilities.swift"; sourceTree = "<group>"; };
		659EC45D2013DDF900E15F0D /* EmployeeInfoController.swift */ = {isa = PBXFileReference; lastKnownFileType = sourcecode.swift; path = EmployeeInfoController.swift; sourceTree = "<group>"; };
		659EC4602015737000E15F0D /* EmployeeType.swift */ = {isa = PBXFileReference; lastKnownFileType = sourcecode.swift; path = EmployeeType.swift; sourceTree = "<group>"; };
		65EB8935200AE883006B18C7 /* CompanyInfoViewController.swift */ = {isa = PBXFileReference; lastKnownFileType = sourcecode.swift; path = CompanyInfoViewController.swift; sourceTree = "<group>"; };
		65EB8977200C2211006B18C7 /* CoreDataManager.swift */ = {isa = PBXFileReference; lastKnownFileType = sourcecode.swift; path = CoreDataManager.swift; sourceTree = "<group>"; };
		65EB8983200C45C2006B18C7 /* CompanyModel.xcdatamodel */ = {isa = PBXFileReference; lastKnownFileType = wrapper.xcdatamodel; path = CompanyModel.xcdatamodel; sourceTree = "<group>"; };
		65FDC0A5200AB54B00152EED /* Companies.app */ = {isa = PBXFileReference; explicitFileType = wrapper.application; includeInIndex = 0; path = Companies.app; sourceTree = BUILT_PRODUCTS_DIR; };
		65FDC0A8200AB54B00152EED /* AppDelegate.swift */ = {isa = PBXFileReference; lastKnownFileType = sourcecode.swift; path = AppDelegate.swift; sourceTree = "<group>"; };
		65FDC0AA200AB54B00152EED /* CompaniesController.swift */ = {isa = PBXFileReference; lastKnownFileType = sourcecode.swift; path = CompaniesController.swift; sourceTree = "<group>"; };
		65FDC0AD200AB54B00152EED /* Base */ = {isa = PBXFileReference; lastKnownFileType = file.storyboard; name = Base; path = Base.lproj/Main.storyboard; sourceTree = "<group>"; };
		65FDC0AF200AB54B00152EED /* Assets.xcassets */ = {isa = PBXFileReference; lastKnownFileType = folder.assetcatalog; path = Assets.xcassets; sourceTree = "<group>"; };
		65FDC0B2200AB54B00152EED /* Base */ = {isa = PBXFileReference; lastKnownFileType = file.storyboard; name = Base; path = Base.lproj/LaunchScreen.storyboard; sourceTree = "<group>"; };
		65FDC0B4200AB54B00152EED /* Info.plist */ = {isa = PBXFileReference; lastKnownFileType = text.plist.xml; path = Info.plist; sourceTree = "<group>"; };
		65FDC0BC200AC04700152EED /* CustomNavigationController.swift */ = {isa = PBXFileReference; lastKnownFileType = sourcecode.swift; path = CustomNavigationController.swift; sourceTree = "<group>"; };
		65FDC0BE200AD70C00152EED /* UIColor+theme.swift */ = {isa = PBXFileReference; fileEncoding = 4; lastKnownFileType = sourcecode.swift; path = "UIColor+theme.swift"; sourceTree = "<group>"; };
/* End PBXFileReference section */

/* Begin PBXFrameworksBuildPhase section */
		65FDC0A2200AB54B00152EED /* Frameworks */ = {
			isa = PBXFrameworksBuildPhase;
			buildActionMask = 2147483647;
			files = (
			);
			runOnlyForDeploymentPostprocessing = 0;
		};
/* End PBXFrameworksBuildPhase section */

/* Begin PBXGroup section */
		659EC45120116DD300E15F0D /* Companies */ = {
			isa = PBXGroup;
			children = (
				659EC45F2014E3FB00E15F0D /* Employees */,
				659EC44F20116CEA00E15F0D /* CompanyCell.swift */,
				65FDC0AA200AB54B00152EED /* CompaniesController.swift */,
				659EC4542013A18200E15F0D /* CompaniesController+CompanyInfoViewControllerDelegate.swift */,
				659EC4562013A27300E15F0D /* CompaniesController+TableViewSetup.swift */,
			);
			path = Companies;
			sourceTree = "<group>";
		};
		659EC45A2013CC8400E15F0D /* Utilities */ = {
			isa = PBXGroup;
			children = (
				659EC45B2013CC9E00E15F0D /* UIViewControllers+Utilities.swift */,
			);
			path = Utilities;
			sourceTree = "<group>";
		};
		659EC45F2014E3FB00E15F0D /* Employees */ = {
			isa = PBXGroup;
			children = (
				659EC4582013C31600E15F0D /* EmployeesController.swift */,
				659EC4602015737000E15F0D /* EmployeeType.swift */,
				659EC45D2013DDF900E15F0D /* EmployeeInfoController.swift */,
			);
			path = Employees;
			sourceTree = "<group>";
		};
		65FDC09C200AB54B00152EED = {
			isa = PBXGroup;
			children = (
				65FDC0A7200AB54B00152EED /* Companies */,
				65FDC0A6200AB54B00152EED /* Products */,
			);
			sourceTree = "<group>";
		};
		65FDC0A6200AB54B00152EED /* Products */ = {
			isa = PBXGroup;
			children = (
				65FDC0A5200AB54B00152EED /* Companies.app */,
			);
			name = Products;
			sourceTree = "<group>";
		};
		65FDC0A7200AB54B00152EED /* Companies */ = {
			isa = PBXGroup;
			children = (
				659EC45A2013CC8400E15F0D /* Utilities */,
				659EC45120116DD300E15F0D /* Companies */,
				65FDC0A8200AB54B00152EED /* AppDelegate.swift */,
				65EB8982200C45C2006B18C7 /* CompanyModel.xcdatamodeld */,
				65EB8935200AE883006B18C7 /* CompanyInfoViewController.swift */,
				65EB8977200C2211006B18C7 /* CoreDataManager.swift */,
				65FDC0BC200AC04700152EED /* CustomNavigationController.swift */,
				65FDC0AC200AB54B00152EED /* Main.storyboard */,
				65FDC0AF200AB54B00152EED /* Assets.xcassets */,
				65FDC0B1200AB54B00152EED /* LaunchScreen.storyboard */,
				65FDC0B4200AB54B00152EED /* Info.plist */,
				65FDC0BE200AD70C00152EED /* UIColor+theme.swift */,
			);
			path = Companies;
			sourceTree = "<group>";
		};
/* End PBXGroup section */

/* Begin PBXNativeTarget section */
		65FDC0A4200AB54B00152EED /* Companies */ = {
			isa = PBXNativeTarget;
			buildConfigurationList = 65FDC0B7200AB54B00152EED /* Build configuration list for PBXNativeTarget "Companies" */;
			buildPhases = (
				65FDC0A1200AB54B00152EED /* Sources */,
				65FDC0A2200AB54B00152EED /* Frameworks */,
				65FDC0A3200AB54B00152EED /* Resources */,
			);
			buildRules = (
			);
			dependencies = (
			);
			name = Companies;
			productName = Companies;
			productReference = 65FDC0A5200AB54B00152EED /* Companies.app */;
			productType = "com.apple.product-type.application";
		};
/* End PBXNativeTarget section */

/* Begin PBXProject section */
		65FDC09D200AB54B00152EED /* Project object */ = {
			isa = PBXProject;
			attributes = {
				LastSwiftUpdateCheck = 0920;
				LastUpgradeCheck = 0920;
				ORGANIZATIONNAME = "Daniel Peach";
				TargetAttributes = {
					65FDC0A4200AB54B00152EED = {
						CreatedOnToolsVersion = 9.2;
						ProvisioningStyle = Automatic;
					};
				};
			};
			buildConfigurationList = 65FDC0A0200AB54B00152EED /* Build configuration list for PBXProject "Companies" */;
			compatibilityVersion = "Xcode 8.0";
			developmentRegion = en;
			hasScannedForEncodings = 0;
			knownRegions = (
				en,
				Base,
			);
			mainGroup = 65FDC09C200AB54B00152EED;
			productRefGroup = 65FDC0A6200AB54B00152EED /* Products */;
			projectDirPath = "";
			projectRoot = "";
			targets = (
				65FDC0A4200AB54B00152EED /* Companies */,
			);
		};
/* End PBXProject section */

/* Begin PBXResourcesBuildPhase section */
		65FDC0A3200AB54B00152EED /* Resources */ = {
			isa = PBXResourcesBuildPhase;
			buildActionMask = 2147483647;
			files = (
				65FDC0B3200AB54B00152EED /* LaunchScreen.storyboard in Resources */,
				65FDC0B0200AB54B00152EED /* Assets.xcassets in Resources */,
				65FDC0AE200AB54B00152EED /* Main.storyboard in Resources */,
			);
			runOnlyForDeploymentPostprocessing = 0;
		};
/* End PBXResourcesBuildPhase section */

/* Begin PBXSourcesBuildPhase section */
		65FDC0A1200AB54B00152EED /* Sources */ = {
			isa = PBXSourcesBuildPhase;
			buildActionMask = 2147483647;
			files = (
				65EB8984200C45C2006B18C7 /* CompanyModel.xcdatamodeld in Sources */,
				659EC45C2013CC9E00E15F0D /* UIViewControllers+Utilities.swift in Sources */,
				65FDC0BD200AC04700152EED /* CustomNavigationController.swift in Sources */,
				65FDC0BF200AD70C00152EED /* UIColor+theme.swift in Sources */,
				659EC45020116CEA00E15F0D /* CompanyCell.swift in Sources */,
				659EC45E2013DDF900E15F0D /* EmployeeInfoController.swift in Sources */,
				659EC4572013A27300E15F0D /* CompaniesController+TableViewSetup.swift in Sources */,
				659EC4612015737000E15F0D /* EmployeeType.swift in Sources */,
				65FDC0AB200AB54B00152EED /* CompaniesController.swift in Sources */,
				659EC4592013C31600E15F0D /* EmployeesController.swift in Sources */,
				65EB8936200AE883006B18C7 /* CompanyInfoViewController.swift in Sources */,
				65EB8978200C2211006B18C7 /* CoreDataManager.swift in Sources */,
				659EC4552013A18200E15F0D /* CompaniesController+CompanyInfoViewControllerDelegate.swift in Sources */,
				65FDC0A9200AB54B00152EED /* AppDelegate.swift in Sources */,
			);
			runOnlyForDeploymentPostprocessing = 0;
		};
/* End PBXSourcesBuildPhase section */

/* Begin PBXVariantGroup section */
		65FDC0AC200AB54B00152EED /* Main.storyboard */ = {
			isa = PBXVariantGroup;
			children = (
				65FDC0AD200AB54B00152EED /* Base */,
			);
			name = Main.storyboard;
			sourceTree = "<group>";
		};
		65FDC0B1200AB54B00152EED /* LaunchScreen.storyboard */ = {
			isa = PBXVariantGroup;
			children = (
				65FDC0B2200AB54B00152EED /* Base */,
			);
			name = LaunchScreen.storyboard;
			sourceTree = "<group>";
		};
/* End PBXVariantGroup section */

/* Begin XCBuildConfiguration section */
		65FDC0B5200AB54B00152EED /* Debug */ = {
			isa = XCBuildConfiguration;
			buildSettings = {
				ALWAYS_SEARCH_USER_PATHS = NO;
				CLANG_ANALYZER_NONNULL = YES;
				CLANG_ANALYZER_NUMBER_OBJECT_CONVERSION = YES_AGGRESSIVE;
				CLANG_CXX_LANGUAGE_STANDARD = "gnu++14";
				CLANG_CXX_LIBRARY = "libc++";
				CLANG_ENABLE_MODULES = YES;
				CLANG_ENABLE_OBJC_ARC = YES;
				CLANG_WARN_BLOCK_CAPTURE_AUTORELEASING = YES;
				CLANG_WARN_BOOL_CONVERSION = YES;
				CLANG_WARN_COMMA = YES;
				CLANG_WARN_CONSTANT_CONVERSION = YES;
				CLANG_WARN_DIRECT_OBJC_ISA_USAGE = YES_ERROR;
				CLANG_WARN_DOCUMENTATION_COMMENTS = YES;
				CLANG_WARN_EMPTY_BODY = YES;
				CLANG_WARN_ENUM_CONVERSION = YES;
				CLANG_WARN_INFINITE_RECURSION = YES;
				CLANG_WARN_INT_CONVERSION = YES;
				CLANG_WARN_NON_LITERAL_NULL_CONVERSION = YES;
				CLANG_WARN_OBJC_LITERAL_CONVERSION = YES;
				CLANG_WARN_OBJC_ROOT_CLASS = YES_ERROR;
				CLANG_WARN_RANGE_LOOP_ANALYSIS = YES;
				CLANG_WARN_STRICT_PROTOTYPES = YES;
				CLANG_WARN_SUSPICIOUS_MOVE = YES;
				CLANG_WARN_UNGUARDED_AVAILABILITY = YES_AGGRESSIVE;
				CLANG_WARN_UNREACHABLE_CODE = YES;
				CLANG_WARN__DUPLICATE_METHOD_MATCH = YES;
				CODE_SIGN_IDENTITY = "iPhone Developer";
				COPY_PHASE_STRIP = NO;
				DEBUG_INFORMATION_FORMAT = dwarf;
				ENABLE_STRICT_OBJC_MSGSEND = YES;
				ENABLE_TESTABILITY = YES;
				GCC_C_LANGUAGE_STANDARD = gnu11;
				GCC_DYNAMIC_NO_PIC = NO;
				GCC_NO_COMMON_BLOCKS = YES;
				GCC_OPTIMIZATION_LEVEL = 0;
				GCC_PREPROCESSOR_DEFINITIONS = (
					"DEBUG=1",
					"$(inherited)",
				);
				GCC_WARN_64_TO_32_BIT_CONVERSION = YES;
				GCC_WARN_ABOUT_RETURN_TYPE = YES_ERROR;
				GCC_WARN_UNDECLARED_SELECTOR = YES;
				GCC_WARN_UNINITIALIZED_AUTOS = YES_AGGRESSIVE;
				GCC_WARN_UNUSED_FUNCTION = YES;
				GCC_WARN_UNUSED_VARIABLE = YES;
				IPHONEOS_DEPLOYMENT_TARGET = 11.2;
				MTL_ENABLE_DEBUG_INFO = YES;
				ONLY_ACTIVE_ARCH = YES;
				SDKROOT = iphoneos;
				SWIFT_ACTIVE_COMPILATION_CONDITIONS = DEBUG;
				SWIFT_OPTIMIZATION_LEVEL = "-Onone";
			};
			name = Debug;
		};
		65FDC0B6200AB54B00152EED /* Release */ = {
			isa = XCBuildConfiguration;
			buildSettings = {
				ALWAYS_SEARCH_USER_PATHS = NO;
				CLANG_ANALYZER_NONNULL = YES;
				CLANG_ANALYZER_NUMBER_OBJECT_CONVERSION = YES_AGGRESSIVE;
				CLANG_CXX_LANGUAGE_STANDARD = "gnu++14";
				CLANG_CXX_LIBRARY = "libc++";
				CLANG_ENABLE_MODULES = YES;
				CLANG_ENABLE_OBJC_ARC = YES;
				CLANG_WARN_BLOCK_CAPTURE_AUTORELEASING = YES;
				CLANG_WARN_BOOL_CONVERSION = YES;
				CLANG_WARN_COMMA = YES;
				CLANG_WARN_CONSTANT_CONVERSION = YES;
				CLANG_WARN_DIRECT_OBJC_ISA_USAGE = YES_ERROR;
				CLANG_WARN_DOCUMENTATION_COMMENTS = YES;
				CLANG_WARN_EMPTY_BODY = YES;
				CLANG_WARN_ENUM_CONVERSION = YES;
				CLANG_WARN_INFINITE_RECURSION = YES;
				CLANG_WARN_INT_CONVERSION = YES;
				CLANG_WARN_NON_LITERAL_NULL_CONVERSION = YES;
				CLANG_WARN_OBJC_LITERAL_CONVERSION = YES;
				CLANG_WARN_OBJC_ROOT_CLASS = YES_ERROR;
				CLANG_WARN_RANGE_LOOP_ANALYSIS = YES;
				CLANG_WARN_STRICT_PROTOTYPES = YES;
				CLANG_WARN_SUSPICIOUS_MOVE = YES;
				CLANG_WARN_UNGUARDED_AVAILABILITY = YES_AGGRESSIVE;
				CLANG_WARN_UNREACHABLE_CODE = YES;
				CLANG_WARN__DUPLICATE_METHOD_MATCH = YES;
				CODE_SIGN_IDENTITY = "iPhone Developer";
				COPY_PHASE_STRIP = NO;
				DEBUG_INFORMATION_FORMAT = "dwarf-with-dsym";
				ENABLE_NS_ASSERTIONS = NO;
				ENABLE_STRICT_OBJC_MSGSEND = YES;
				GCC_C_LANGUAGE_STANDARD = gnu11;
				GCC_NO_COMMON_BLOCKS = YES;
				GCC_WARN_64_TO_32_BIT_CONVERSION = YES;
				GCC_WARN_ABOUT_RETURN_TYPE = YES_ERROR;
				GCC_WARN_UNDECLARED_SELECTOR = YES;
				GCC_WARN_UNINITIALIZED_AUTOS = YES_AGGRESSIVE;
				GCC_WARN_UNUSED_FUNCTION = YES;
				GCC_WARN_UNUSED_VARIABLE = YES;
				IPHONEOS_DEPLOYMENT_TARGET = 11.2;
				MTL_ENABLE_DEBUG_INFO = NO;
				SDKROOT = iphoneos;
				SWIFT_OPTIMIZATION_LEVEL = "-Owholemodule";
				VALIDATE_PRODUCT = YES;
			};
			name = Release;
		};
		65FDC0B8200AB54B00152EED /* Debug */ = {
			isa = XCBuildConfiguration;
			buildSettings = {
				ASSETCATALOG_COMPILER_APPICON_NAME = AppIcon;
				CODE_SIGN_STYLE = Automatic;
				DEVELOPMENT_TEAM = 4262P57PZB;
				INFOPLIST_FILE = Companies/Info.plist;
				LD_RUNPATH_SEARCH_PATHS = "$(inherited) @executable_path/Frameworks";
				PRODUCT_BUNDLE_IDENTIFIER = com.peachcrate.Companies;
				PRODUCT_NAME = "$(TARGET_NAME)";
				SWIFT_VERSION = 4.0;
				TARGETED_DEVICE_FAMILY = "1,2";
			};
			name = Debug;
		};
		65FDC0B9200AB54B00152EED /* Release */ = {
			isa = XCBuildConfiguration;
			buildSettings = {
				ASSETCATALOG_COMPILER_APPICON_NAME = AppIcon;
				CODE_SIGN_STYLE = Automatic;
				DEVELOPMENT_TEAM = 4262P57PZB;
				INFOPLIST_FILE = Companies/Info.plist;
				LD_RUNPATH_SEARCH_PATHS = "$(inherited) @executable_path/Frameworks";
				PRODUCT_BUNDLE_IDENTIFIER = com.peachcrate.Companies;
				PRODUCT_NAME = "$(TARGET_NAME)";
				SWIFT_VERSION = 4.0;
				TARGETED_DEVICE_FAMILY = "1,2";
			};
			name = Release;
		};
/* End XCBuildConfiguration section */

/* Begin XCConfigurationList section */
		65FDC0A0200AB54B00152EED /* Build configuration list for PBXProject "Companies" */ = {
			isa = XCConfigurationList;
			buildConfigurations = (
				65FDC0B5200AB54B00152EED /* Debug */,
				65FDC0B6200AB54B00152EED /* Release */,
			);
			defaultConfigurationIsVisible = 0;
			defaultConfigurationName = Release;
		};
		65FDC0B7200AB54B00152EED /* Build configuration list for PBXNativeTarget "Companies" */ = {
			isa = XCConfigurationList;
			buildConfigurations = (
				65FDC0B8200AB54B00152EED /* Debug */,
				65FDC0B9200AB54B00152EED /* Release */,
			);
			defaultConfigurationIsVisible = 0;
			defaultConfigurationName = Release;
		};
/* End XCConfigurationList section */

/* Begin XCVersionGroup section */
		65EB8982200C45C2006B18C7 /* CompanyModel.xcdatamodeld */ = {
			isa = XCVersionGroup;
			children = (
				65EB8983200C45C2006B18C7 /* CompanyModel.xcdatamodel */,
			);
			currentVersion = 65EB8983200C45C2006B18C7 /* CompanyModel.xcdatamodel */;
			path = CompanyModel.xcdatamodeld;
			sourceTree = "<group>";
			versionGroupType = wrapper.xcdatamodel;
		};
/* End XCVersionGroup section */
	};
	rootObject = 65FDC09D200AB54B00152EED /* Project object */;
}
